
Microsoft Visual Studio Solution File, Format Version 12.00
# Visual Studio Version 17
VisualStudioVersion = 17.8.34511.84
MinimumVisualStudioVersion = 10.0.40219.1
Project("{FAE04EC0-301F-11D3-BF4B-00C04F79EFBC}") = "Conversor", "Conversor\Conversor.csproj", "{C6712A50-63CD-497B-BC72-314A33A9768E}"
EndProject
Global
	GlobalSection(SolutionConfigurationPlatforms) = preSolution
		Debug|Any CPU = Debug|Any CPU
		Release|Any CPU = Release|Any CPU
	EndGlobalSection
	GlobalSection(ProjectConfigurationPlatforms) = postSolution
		{C6712A50-63CD-497B-BC72-314A33A9768E}.Debug|Any CPU.ActiveCfg = Debug|Any CPU
		{C6712A50-63CD-497B-BC72-314A33A9768E}.Debug|Any CPU.Build.0 = Debug|Any CPU
		{C6712A50-63CD-497B-BC72-314A33A9768E}.Release|Any CPU.ActiveCfg = Release|Any CPU
		{C6712A50-63CD-497B-BC72-314A33A9768E}.Release|Any CPU.Build.0 = Release|Any CPU
	EndGlobalSection
	GlobalSection(SolutionProperties) = preSolution
		HideSolutionNode = FALSE
	EndGlobalSection
	GlobalSection(ExtensibilityGlobals) = postSolution
		SolutionGuid = {6E9E87F8-360C-4B2B-BE9A-4822FFD6F447}
	EndGlobalSection
EndGlobal
